// !$*UTF8*$!
{
	archiveVersion = 1;
	classes = {
	};
	objectVersion = 56;
	objects = {

/* Begin PBXBuildFile section */
		9857558B2981F4D9000AD476 /* AppDelegate.swift in Sources */ = {isa = PBXBuildFile; fileRef = 9857558A2981F4D9000AD476 /* AppDelegate.swift */; };
		9857558D2981F4D9000AD476 /* GameScene.sks in Resources */ = {isa = PBXBuildFile; fileRef = 9857558C2981F4D9000AD476 /* GameScene.sks */; };
		985755912981F4D9000AD476 /* GameScene.swift in Sources */ = {isa = PBXBuildFile; fileRef = 985755902981F4D9000AD476 /* GameScene.swift */; };
		985755932981F4D9000AD476 /* GameViewController.swift in Sources */ = {isa = PBXBuildFile; fileRef = 985755922981F4D9000AD476 /* GameViewController.swift */; };
		985755962981F4D9000AD476 /* Main.storyboard in Resources */ = {isa = PBXBuildFile; fileRef = 985755942981F4D9000AD476 /* Main.storyboard */; };
		985755982981F4DA000AD476 /* Assets.xcassets in Resources */ = {isa = PBXBuildFile; fileRef = 985755972981F4DA000AD476 /* Assets.xcassets */; };
		9857559B2981F4DA000AD476 /* LaunchScreen.storyboard in Resources */ = {isa = PBXBuildFile; fileRef = 985755992981F4DA000AD476 /* LaunchScreen.storyboard */; };
		985755DD2981F520000AD476 /* bullet.png in Resources */ = {isa = PBXBuildFile; fileRef = 985755A32981F520000AD476 /* bullet.png */; };
		985755DE2981F520000AD476 /* plane3.png in Resources */ = {isa = PBXBuildFile; fileRef = 985755A42981F520000AD476 /* plane3.png */; };
		985755DF2981F520000AD476 /* plane2.png in Resources */ = {isa = PBXBuildFile; fileRef = 985755A52981F520000AD476 /* plane2.png */; };
		985755E02981F520000AD476 /* plane1.png in Resources */ = {isa = PBXBuildFile; fileRef = 985755A62981F520000AD476 /* plane1.png */; };
		985755E12981F520000AD476 /* backButton.png in Resources */ = {isa = PBXBuildFile; fileRef = 985755A72981F520000AD476 /* backButton.png */; };
		985755E22981F520000AD476 /* plane.png in Resources */ = {isa = PBXBuildFile; fileRef = 985755A82981F520000AD476 /* plane.png */; };
		985755E32981F520000AD476 /* island.png in Resources */ = {isa = PBXBuildFile; fileRef = 985755A92981F520000AD476 /* island.png */; };
		985755E42981F520000AD476 /* planeflash2.png in Resources */ = {isa = PBXBuildFile; fileRef = 985755AA2981F520000AD476 /* planeflash2.png */; };
		985755E52981F520000AD476 /* clickMeButton.png in Resources */ = {isa = PBXBuildFile; fileRef = 985755AB2981F520000AD476 /* clickMeButton.png */; };
		985755E62981F520000AD476 /* planeflash1.png in Resources */ = {isa = PBXBuildFile; fileRef = 985755AC2981F520000AD476 /* planeflash1.png */; };
		985755E72981F520000AD476 /* ocean.gif in Resources */ = {isa = PBXBuildFile; fileRef = 985755AD2981F520000AD476 /* ocean.gif */; };
		985755E82981F520000AD476 /* coin08.png in Resources */ = {isa = PBXBuildFile; fileRef = 985755AE2981F520000AD476 /* coin08.png */; };
		985755E92981F520000AD476 /* coin09.png in Resources */ = {isa = PBXBuildFile; fileRef = 985755AF2981F520000AD476 /* coin09.png */; };
		985755EA2981F520000AD476 /* restartButton.png in Resources */ = {isa = PBXBuildFile; fileRef = 985755B02981F520000AD476 /* restartButton.png */; };
		985755EB2981F520000AD476 /* coin10.png in Resources */ = {isa = PBXBuildFile; fileRef = 985755B12981F520000AD476 /* coin10.png */; };
		985755EC2981F520000AD476 /* coin04.png in Resources */ = {isa = PBXBuildFile; fileRef = 985755B22981F520000AD476 /* coin04.png */; };
		985755ED2981F520000AD476 /* smallexplosion4.png in Resources */ = {isa = PBXBuildFile; fileRef = 985755B32981F520000AD476 /* smallexplosion4.png */; };
		985755EE2981F520000AD476 /* smallexplosion5.png in Resources */ = {isa = PBXBuildFile; fileRef = 985755B42981F520000AD476 /* smallexplosion5.png */; };
		985755EF2981F520000AD476 /* coin05.png in Resources */ = {isa = PBXBuildFile; fileRef = 985755B52981F520000AD476 /* coin05.png */; };
		985755F02981F520000AD476 /* coin07.png in Resources */ = {isa = PBXBuildFile; fileRef = 985755B62981F520000AD476 /* coin07.png */; };
		985755F12981F520000AD476 /* smallexplosion6.png in Resources */ = {isa = PBXBuildFile; fileRef = 985755B72981F520000AD476 /* smallexplosion6.png */; };
		985755F22981F520000AD476 /* coin06.png in Resources */ = {isa = PBXBuildFile; fileRef = 985755B82981F520000AD476 /* coin06.png */; };
		985755F32981F520000AD476 /* cloud.png in Resources */ = {isa = PBXBuildFile; fileRef = 985755B92981F520000AD476 /* cloud.png */; };
		985755F42981F520000AD476 /* coin02.png in Resources */ = {isa = PBXBuildFile; fileRef = 985755BA2981F520000AD476 /* coin02.png */; };
		985755F52981F520000AD476 /* smallexplosion2.png in Resources */ = {isa = PBXBuildFile; fileRef = 985755BB2981F520000AD476 /* smallexplosion2.png */; };
		985755F62981F520000AD476 /* smallexplosion3.png in Resources */ = {isa = PBXBuildFile; fileRef = 985755BC2981F520000AD476 /* smallexplosion3.png */; };
		985755F72981F520000AD476 /* coin03.png in Resources */ = {isa = PBXBuildFile; fileRef = 985755BD2981F520000AD476 /* coin03.png */; };
		985755F82981F520000AD476 /* coin01.png in Resources */ = {isa = PBXBuildFile; fileRef = 985755BE2981F520000AD476 /* coin01.png */; };
		985755F92981F520000AD476 /* smallexplosion1.png in Resources */ = {isa = PBXBuildFile; fileRef = 985755BF2981F520000AD476 /* smallexplosion1.png */; };
		985755FA2981F520000AD476 /* nextButton.png in Resources */ = {isa = PBXBuildFile; fileRef = 985755C02981F520000AD476 /* nextButton.png */; };
		985755FB2981F520000AD476 /* explosion1.png in Resources */ = {isa = PBXBuildFile; fileRef = 985755C12981F520000AD476 /* explosion1.png */; };
		985755FC2981F520000AD476 /* enemy1.png in Resources */ = {isa = PBXBuildFile; fileRef = 985755C22981F520000AD476 /* enemy1.png */; };
		985755FD2981F520000AD476 /* explosion2.png in Resources */ = {isa = PBXBuildFile; fileRef = 985755C32981F520000AD476 /* explosion2.png */; };
		985755FE2981F520000AD476 /* enemy3.png in Resources */ = {isa = PBXBuildFile; fileRef = 985755C42981F520000AD476 /* enemy3.png */; };
		985755FF2981F520000AD476 /* enemy2.png in Resources */ = {isa = PBXBuildFile; fileRef = 985755C52981F520000AD476 /* enemy2.png */; };
		985756002981F520000AD476 /* ocean.png in Resources */ = {isa = PBXBuildFile; fileRef = 985755C62981F520000AD476 /* ocean.png */; };
		985756012981F520000AD476 /* explosion3.png in Resources */ = {isa = PBXBuildFile; fileRef = 985755C72981F520000AD476 /* explosion3.png */; };
		985756022981F520000AD476 /* explosion7.png in Resources */ = {isa = PBXBuildFile; fileRef = 985755C82981F520000AD476 /* explosion7.png */; };
		985756032981F520000AD476 /* startButton.png in Resources */ = {isa = PBXBuildFile; fileRef = 985755C92981F520000AD476 /* startButton.png */; };
		985756042981F520000AD476 /* explosion6.png in Resources */ = {isa = PBXBuildFile; fileRef = 985755CA2981F520000AD476 /* explosion6.png */; };
		985756052981F520000AD476 /* explosion4.png in Resources */ = {isa = PBXBuildFile; fileRef = 985755CB2981F520000AD476 /* explosion4.png */; };
		985756062981F520000AD476 /* explosion5.png in Resources */ = {isa = PBXBuildFile; fileRef = 985755CC2981F520000AD476 /* explosion5.png */; };
		985756072981F520000AD476 /* life.wav in Resources */ = {isa = PBXBuildFile; fileRef = 985755CE2981F520000AD476 /* life.wav */; };
		985756082981F520000AD476 /* explosion.mp3 in Resources */ = {isa = PBXBuildFile; fileRef = 985755CF2981F520000AD476 /* explosion.mp3 */; };
		985756092981F520000AD476 /* thunder.ogg in Resources */ = {isa = PBXBuildFile; fileRef = 985755D02981F520000AD476 /* thunder.ogg */; };
		9857560A2981F520000AD476 /* yay.ogg in Resources */ = {isa = PBXBuildFile; fileRef = 985755D12981F520000AD476 /* yay.ogg */; };
		9857560B2981F520000AD476 /* engine.ogg in Resources */ = {isa = PBXBuildFile; fileRef = 985755D22981F520000AD476 /* engine.ogg */; };
		9857560C2981F520000AD476 /* coin.wav in Resources */ = {isa = PBXBuildFile; fileRef = 985755D32981F520000AD476 /* coin.wav */; };
		9857560D2981F520000AD476 /* bullet.mp3 in Resources */ = {isa = PBXBuildFile; fileRef = 985755D42981F520000AD476 /* bullet.mp3 */; };
		9857560E2981F520000AD476 /* textureAtlas.png in Resources */ = {isa = PBXBuildFile; fileRef = 985755D62981F520000AD476 /* textureAtlas.png */; };
		9857560F2981F520000AD476 /* textureAtlas.json in Resources */ = {isa = PBXBuildFile; fileRef = 985755D72981F520000AD476 /* textureAtlas.json */; };
		985756102981F520000AD476 /* MailPilotDemoProject.tps in Resources */ = {isa = PBXBuildFile; fileRef = 985755D82981F520000AD476 /* MailPilotDemoProject.tps */; };
		985756112981F520000AD476 /* dock51.woff in Resources */ = {isa = PBXBuildFile; fileRef = 985755DA2981F520000AD476 /* dock51.woff */; };
		985756122981F520000AD476 /* dock51.woff2 in Resources */ = {isa = PBXBuildFile; fileRef = 985755DB2981F520000AD476 /* dock51.woff2 */; };
		985756132981F520000AD476 /* Dock51.ttf in Resources */ = {isa = PBXBuildFile; fileRef = 985755DC2981F520000AD476 /* Dock51.ttf */; };
		985756172981F54D000AD476 /* GameObject.swift in Sources */ = {isa = PBXBuildFile; fileRef = 985756152981F54D000AD476 /* GameObject.swift */; };
		985756182981F54D000AD476 /* GameObjectProtocol.swift in Sources */ = {isa = PBXBuildFile; fileRef = 985756162981F54D000AD476 /* GameObjectProtocol.swift */; };
		9857561C2981F55E000AD476 /* Ocean.swift in Sources */ = {isa = PBXBuildFile; fileRef = 9857561A2981F55E000AD476 /* Ocean.swift */; };
		9857561D2981F55E000AD476 /* Player.swift in Sources */ = {isa = PBXBuildFile; fileRef = 9857561B2981F55E000AD476 /* Player.swift */; };
		9857561F2981FCE8000AD476 /* Island.swift in Sources */ = {isa = PBXBuildFile; fileRef = 9857561E2981FCE8000AD476 /* Island.swift */; };
		985756212981FE0D000AD476 /* Layer.swift in Sources */ = {isa = PBXBuildFile; fileRef = 985756202981FE0D000AD476 /* Layer.swift */; };
		9857562329820176000AD476 /* Cloud.swift in Sources */ = {isa = PBXBuildFile; fileRef = 9857562229820176000AD476 /* Cloud.swift */; };
/* End PBXBuildFile section */

/* Begin PBXFileReference section */
		985755872981F4D9000AD476 /* MAPD724-W2023-ICE-2B.app */ = {isa = PBXFileReference; explicitFileType = wrapper.application; includeInIndex = 0; path = "MAPD724-W2023-ICE-2B.app"; sourceTree = BUILT_PRODUCTS_DIR; };
		9857558A2981F4D9000AD476 /* AppDelegate.swift */ = {isa = PBXFileReference; lastKnownFileType = sourcecode.swift; path = AppDelegate.swift; sourceTree = "<group>"; };
		9857558C2981F4D9000AD476 /* GameScene.sks */ = {isa = PBXFileReference; lastKnownFileType = file.sks; path = GameScene.sks; sourceTree = "<group>"; };
		985755902981F4D9000AD476 /* GameScene.swift */ = {isa = PBXFileReference; lastKnownFileType = sourcecode.swift; path = GameScene.swift; sourceTree = "<group>"; };
		985755922981F4D9000AD476 /* GameViewController.swift */ = {isa = PBXFileReference; lastKnownFileType = sourcecode.swift; path = GameViewController.swift; sourceTree = "<group>"; };
		985755952981F4D9000AD476 /* Base */ = {isa = PBXFileReference; lastKnownFileType = file.storyboard; name = Base; path = Base.lproj/Main.storyboard; sourceTree = "<group>"; };
		985755972981F4DA000AD476 /* Assets.xcassets */ = {isa = PBXFileReference; lastKnownFileType = folder.assetcatalog; path = Assets.xcassets; sourceTree = "<group>"; };
		9857559A2981F4DA000AD476 /* Base */ = {isa = PBXFileReference; lastKnownFileType = file.storyboard; name = Base; path = Base.lproj/LaunchScreen.storyboard; sourceTree = "<group>"; };
		985755A32981F520000AD476 /* bullet.png */ = {isa = PBXFileReference; lastKnownFileType = image.png; path = bullet.png; sourceTree = "<group>"; };
		985755A42981F520000AD476 /* plane3.png */ = {isa = PBXFileReference; lastKnownFileType = image.png; path = plane3.png; sourceTree = "<group>"; };
		985755A52981F520000AD476 /* plane2.png */ = {isa = PBXFileReference; lastKnownFileType = image.png; path = plane2.png; sourceTree = "<group>"; };
		985755A62981F520000AD476 /* plane1.png */ = {isa = PBXFileReference; lastKnownFileType = image.png; path = plane1.png; sourceTree = "<group>"; };
		985755A72981F520000AD476 /* backButton.png */ = {isa = PBXFileReference; lastKnownFileType = image.png; path = backButton.png; sourceTree = "<group>"; };
		985755A82981F520000AD476 /* plane.png */ = {isa = PBXFileReference; lastKnownFileType = image.png; path = plane.png; sourceTree = "<group>"; };
		985755A92981F520000AD476 /* island.png */ = {isa = PBXFileReference; lastKnownFileType = image.png; path = island.png; sourceTree = "<group>"; };
		985755AA2981F520000AD476 /* planeflash2.png */ = {isa = PBXFileReference; lastKnownFileType = image.png; path = planeflash2.png; sourceTree = "<group>"; };
		985755AB2981F520000AD476 /* clickMeButton.png */ = {isa = PBXFileReference; lastKnownFileType = image.png; path = clickMeButton.png; sourceTree = "<group>"; };
		985755AC2981F520000AD476 /* planeflash1.png */ = {isa = PBXFileReference; lastKnownFileType = image.png; path = planeflash1.png; sourceTree = "<group>"; };
		985755AD2981F520000AD476 /* ocean.gif */ = {isa = PBXFileReference; lastKnownFileType = image.gif; path = ocean.gif; sourceTree = "<group>"; };
		985755AE2981F520000AD476 /* coin08.png */ = {isa = PBXFileReference; lastKnownFileType = image.png; path = coin08.png; sourceTree = "<group>"; };
		985755AF2981F520000AD476 /* coin09.png */ = {isa = PBXFileReference; lastKnownFileType = image.png; path = coin09.png; sourceTree = "<group>"; };
		985755B02981F520000AD476 /* restartButton.png */ = {isa = PBXFileReference; lastKnownFileType = image.png; path = restartButton.png; sourceTree = "<group>"; };
		985755B12981F520000AD476 /* coin10.png */ = {isa = PBXFileReference; lastKnownFileType = image.png; path = coin10.png; sourceTree = "<group>"; };
		985755B22981F520000AD476 /* coin04.png */ = {isa = PBXFileReference; lastKnownFileType = image.png; path = coin04.png; sourceTree = "<group>"; };
		985755B32981F520000AD476 /* smallexplosion4.png */ = {isa = PBXFileReference; lastKnownFileType = image.png; path = smallexplosion4.png; sourceTree = "<group>"; };
		985755B42981F520000AD476 /* smallexplosion5.png */ = {isa = PBXFileReference; lastKnownFileType = image.png; path = smallexplosion5.png; sourceTree = "<group>"; };
		985755B52981F520000AD476 /* coin05.png */ = {isa = PBXFileReference; lastKnownFileType = image.png; path = coin05.png; sourceTree = "<group>"; };
		985755B62981F520000AD476 /* coin07.png */ = {isa = PBXFileReference; lastKnownFileType = image.png; path = coin07.png; sourceTree = "<group>"; };
		985755B72981F520000AD476 /* smallexplosion6.png */ = {isa = PBXFileReference; lastKnownFileType = image.png; path = smallexplosion6.png; sourceTree = "<group>"; };
		985755B82981F520000AD476 /* coin06.png */ = {isa = PBXFileReference; lastKnownFileType = image.png; path = coin06.png; sourceTree = "<group>"; };
		985755B92981F520000AD476 /* cloud.png */ = {isa = PBXFileReference; lastKnownFileType = image.png; path = cloud.png; sourceTree = "<group>"; };
		985755BA2981F520000AD476 /* coin02.png */ = {isa = PBXFileReference; lastKnownFileType = image.png; path = coin02.png; sourceTree = "<group>"; };
		985755BB2981F520000AD476 /* smallexplosion2.png */ = {isa = PBXFileReference; lastKnownFileType = image.png; path = smallexplosion2.png; sourceTree = "<group>"; };
		985755BC2981F520000AD476 /* smallexplosion3.png */ = {isa = PBXFileReference; lastKnownFileType = image.png; path = smallexplosion3.png; sourceTree = "<group>"; };
		985755BD2981F520000AD476 /* coin03.png */ = {isa = PBXFileReference; lastKnownFileType = image.png; path = coin03.png; sourceTree = "<group>"; };
		985755BE2981F520000AD476 /* coin01.png */ = {isa = PBXFileReference; lastKnownFileType = image.png; path = coin01.png; sourceTree = "<group>"; };
		985755BF2981F520000AD476 /* smallexplosion1.png */ = {isa = PBXFileReference; lastKnownFileType = image.png; path = smallexplosion1.png; sourceTree = "<group>"; };
		985755C02981F520000AD476 /* nextButton.png */ = {isa = PBXFileReference; lastKnownFileType = image.png; path = nextButton.png; sourceTree = "<group>"; };
		985755C12981F520000AD476 /* explosion1.png */ = {isa = PBXFileReference; lastKnownFileType = image.png; path = explosion1.png; sourceTree = "<group>"; };
		985755C22981F520000AD476 /* enemy1.png */ = {isa = PBXFileReference; lastKnownFileType = image.png; path = enemy1.png; sourceTree = "<group>"; };
		985755C32981F520000AD476 /* explosion2.png */ = {isa = PBXFileReference; lastKnownFileType = image.png; path = explosion2.png; sourceTree = "<group>"; };
		985755C42981F520000AD476 /* enemy3.png */ = {isa = PBXFileReference; lastKnownFileType = image.png; path = enemy3.png; sourceTree = "<group>"; };
		985755C52981F520000AD476 /* enemy2.png */ = {isa = PBXFileReference; lastKnownFileType = image.png; path = enemy2.png; sourceTree = "<group>"; };
		985755C62981F520000AD476 /* ocean.png */ = {isa = PBXFileReference; lastKnownFileType = image.png; path = ocean.png; sourceTree = "<group>"; };
		985755C72981F520000AD476 /* explosion3.png */ = {isa = PBXFileReference; lastKnownFileType = image.png; path = explosion3.png; sourceTree = "<group>"; };
		985755C82981F520000AD476 /* explosion7.png */ = {isa = PBXFileReference; lastKnownFileType = image.png; path = explosion7.png; sourceTree = "<group>"; };
		985755C92981F520000AD476 /* startButton.png */ = {isa = PBXFileReference; lastKnownFileType = image.png; path = startButton.png; sourceTree = "<group>"; };
		985755CA2981F520000AD476 /* explosion6.png */ = {isa = PBXFileReference; lastKnownFileType = image.png; path = explosion6.png; sourceTree = "<group>"; };
		985755CB2981F520000AD476 /* explosion4.png */ = {isa = PBXFileReference; lastKnownFileType = image.png; path = explosion4.png; sourceTree = "<group>"; };
		985755CC2981F520000AD476 /* explosion5.png */ = {isa = PBXFileReference; lastKnownFileType = image.png; path = explosion5.png; sourceTree = "<group>"; };
		985755CE2981F520000AD476 /* life.wav */ = {isa = PBXFileReference; lastKnownFileType = audio.wav; path = life.wav; sourceTree = "<group>"; };
		985755CF2981F520000AD476 /* explosion.mp3 */ = {isa = PBXFileReference; lastKnownFileType = audio.mp3; path = explosion.mp3; sourceTree = "<group>"; };
		985755D02981F520000AD476 /* thunder.ogg */ = {isa = PBXFileReference; lastKnownFileType = file; path = thunder.ogg; sourceTree = "<group>"; };
		985755D12981F520000AD476 /* yay.ogg */ = {isa = PBXFileReference; lastKnownFileType = file; path = yay.ogg; sourceTree = "<group>"; };
		985755D22981F520000AD476 /* engine.ogg */ = {isa = PBXFileReference; lastKnownFileType = file; path = engine.ogg; sourceTree = "<group>"; };
		985755D32981F520000AD476 /* coin.wav */ = {isa = PBXFileReference; lastKnownFileType = audio.wav; path = coin.wav; sourceTree = "<group>"; };
		985755D42981F520000AD476 /* bullet.mp3 */ = {isa = PBXFileReference; lastKnownFileType = audio.mp3; path = bullet.mp3; sourceTree = "<group>"; };
		985755D62981F520000AD476 /* textureAtlas.png */ = {isa = PBXFileReference; lastKnownFileType = image.png; path = textureAtlas.png; sourceTree = "<group>"; };
		985755D72981F520000AD476 /* textureAtlas.json */ = {isa = PBXFileReference; fileEncoding = 4; lastKnownFileType = text.json; path = textureAtlas.json; sourceTree = "<group>"; };
		985755D82981F520000AD476 /* MailPilotDemoProject.tps */ = {isa = PBXFileReference; fileEncoding = 4; lastKnownFileType = text.xml; path = MailPilotDemoProject.tps; sourceTree = "<group>"; };
		985755DA2981F520000AD476 /* dock51.woff */ = {isa = PBXFileReference; lastKnownFileType = file; path = dock51.woff; sourceTree = "<group>"; };
		985755DB2981F520000AD476 /* dock51.woff2 */ = {isa = PBXFileReference; lastKnownFileType = file; path = dock51.woff2; sourceTree = "<group>"; };
		985755DC2981F520000AD476 /* Dock51.ttf */ = {isa = PBXFileReference; lastKnownFileType = file; path = Dock51.ttf; sourceTree = "<group>"; };
		985756152981F54D000AD476 /* GameObject.swift */ = {isa = PBXFileReference; fileEncoding = 4; lastKnownFileType = sourcecode.swift; path = GameObject.swift; sourceTree = "<group>"; };
		985756162981F54D000AD476 /* GameObjectProtocol.swift */ = {isa = PBXFileReference; fileEncoding = 4; lastKnownFileType = sourcecode.swift; path = GameObjectProtocol.swift; sourceTree = "<group>"; };
		9857561A2981F55E000AD476 /* Ocean.swift */ = {isa = PBXFileReference; fileEncoding = 4; lastKnownFileType = sourcecode.swift; path = Ocean.swift; sourceTree = "<group>"; };
		9857561B2981F55E000AD476 /* Player.swift */ = {isa = PBXFileReference; fileEncoding = 4; lastKnownFileType = sourcecode.swift; path = Player.swift; sourceTree = "<group>"; };
		9857561E2981FCE8000AD476 /* Island.swift */ = {isa = PBXFileReference; lastKnownFileType = sourcecode.swift; path = Island.swift; sourceTree = "<group>"; };
		985756202981FE0D000AD476 /* Layer.swift */ = {isa = PBXFileReference; lastKnownFileType = sourcecode.swift; path = Layer.swift; sourceTree = "<group>"; };
		9857562229820176000AD476 /* Cloud.swift */ = {isa = PBXFileReference; lastKnownFileType = sourcecode.swift; path = Cloud.swift; sourceTree = "<group>"; };
/* End PBXFileReference section */

/* Begin PBXFrameworksBuildPhase section */
		985755842981F4D9000AD476 /* Frameworks */ = {
			isa = PBXFrameworksBuildPhase;
			buildActionMask = 2147483647;
			files = (
			);
			runOnlyForDeploymentPostprocessing = 0;
		};
/* End PBXFrameworksBuildPhase section */

/* Begin PBXGroup section */
		9857557E2981F4D9000AD476 = {
			isa = PBXGroup;
			children = (
				985755892981F4D9000AD476 /* MAPD724-W2023-ICE-2B */,
				985755882981F4D9000AD476 /* Products */,
			);
			sourceTree = "<group>";
		};
		985755882981F4D9000AD476 /* Products */ = {
			isa = PBXGroup;
			children = (
				985755872981F4D9000AD476 /* MAPD724-W2023-ICE-2B.app */,
			);
			name = Products;
			sourceTree = "<group>";
		};
		985755892981F4D9000AD476 /* MAPD724-W2023-ICE-2B */ = {
			isa = PBXGroup;
			children = (
				985756142981F54D000AD476 /* Core */,
				985755A12981F520000AD476 /* Assets */,
				985756192981F55E000AD476 /* GameObjects */,
				9857558A2981F4D9000AD476 /* AppDelegate.swift */,
				9857558C2981F4D9000AD476 /* GameScene.sks */,
				985755902981F4D9000AD476 /* GameScene.swift */,
				985755922981F4D9000AD476 /* GameViewController.swift */,
				985755942981F4D9000AD476 /* Main.storyboard */,
				985755972981F4DA000AD476 /* Assets.xcassets */,
				985755992981F4DA000AD476 /* LaunchScreen.storyboard */,
			);
			path = "MAPD724-W2023-ICE-2B";
			sourceTree = "<group>";
		};
		985755A12981F520000AD476 /* Assets */ = {
			isa = PBXGroup;
			children = (
				985755A22981F520000AD476 /* images */,
				985755CD2981F520000AD476 /* audio */,
				985755D52981F520000AD476 /* sprites */,
				985755D92981F520000AD476 /* fonts */,
			);
			path = Assets;
			sourceTree = "<group>";
		};
		985755A22981F520000AD476 /* images */ = {
			isa = PBXGroup;
			children = (
				985755A32981F520000AD476 /* bullet.png */,
				985755A42981F520000AD476 /* plane3.png */,
				985755A52981F520000AD476 /* plane2.png */,
				985755A62981F520000AD476 /* plane1.png */,
				985755A72981F520000AD476 /* backButton.png */,
				985755A82981F520000AD476 /* plane.png */,
				985755A92981F520000AD476 /* island.png */,
				985755AA2981F520000AD476 /* planeflash2.png */,
				985755AB2981F520000AD476 /* clickMeButton.png */,
				985755AC2981F520000AD476 /* planeflash1.png */,
				985755AD2981F520000AD476 /* ocean.gif */,
				985755AE2981F520000AD476 /* coin08.png */,
				985755AF2981F520000AD476 /* coin09.png */,
				985755B02981F520000AD476 /* restartButton.png */,
				985755B12981F520000AD476 /* coin10.png */,
				985755B22981F520000AD476 /* coin04.png */,
				985755B32981F520000AD476 /* smallexplosion4.png */,
				985755B42981F520000AD476 /* smallexplosion5.png */,
				985755B52981F520000AD476 /* coin05.png */,
				985755B62981F520000AD476 /* coin07.png */,
				985755B72981F520000AD476 /* smallexplosion6.png */,
				985755B82981F520000AD476 /* coin06.png */,
				985755B92981F520000AD476 /* cloud.png */,
				985755BA2981F520000AD476 /* coin02.png */,
				985755BB2981F520000AD476 /* smallexplosion2.png */,
				985755BC2981F520000AD476 /* smallexplosion3.png */,
				985755BD2981F520000AD476 /* coin03.png */,
				985755BE2981F520000AD476 /* coin01.png */,
				985755BF2981F520000AD476 /* smallexplosion1.png */,
				985755C02981F520000AD476 /* nextButton.png */,
				985755C12981F520000AD476 /* explosion1.png */,
				985755C22981F520000AD476 /* enemy1.png */,
				985755C32981F520000AD476 /* explosion2.png */,
				985755C42981F520000AD476 /* enemy3.png */,
				985755C52981F520000AD476 /* enemy2.png */,
				985755C62981F520000AD476 /* ocean.png */,
				985755C72981F520000AD476 /* explosion3.png */,
				985755C82981F520000AD476 /* explosion7.png */,
				985755C92981F520000AD476 /* startButton.png */,
				985755CA2981F520000AD476 /* explosion6.png */,
				985755CB2981F520000AD476 /* explosion4.png */,
				985755CC2981F520000AD476 /* explosion5.png */,
			);
			path = images;
			sourceTree = "<group>";
		};
		985755CD2981F520000AD476 /* audio */ = {
			isa = PBXGroup;
			children = (
				985755CE2981F520000AD476 /* life.wav */,
				985755CF2981F520000AD476 /* explosion.mp3 */,
				985755D02981F520000AD476 /* thunder.ogg */,
				985755D12981F520000AD476 /* yay.ogg */,
				985755D22981F520000AD476 /* engine.ogg */,
				985755D32981F520000AD476 /* coin.wav */,
				985755D42981F520000AD476 /* bullet.mp3 */,
			);
			path = audio;
			sourceTree = "<group>";
		};
		985755D52981F520000AD476 /* sprites */ = {
			isa = PBXGroup;
			children = (
				985755D62981F520000AD476 /* textureAtlas.png */,
				985755D72981F520000AD476 /* textureAtlas.json */,
				985755D82981F520000AD476 /* MailPilotDemoProject.tps */,
			);
			path = sprites;
			sourceTree = "<group>";
		};
		985755D92981F520000AD476 /* fonts */ = {
			isa = PBXGroup;
			children = (
				985755DA2981F520000AD476 /* dock51.woff */,
				985755DB2981F520000AD476 /* dock51.woff2 */,
				985755DC2981F520000AD476 /* Dock51.ttf */,
			);
			path = fonts;
			sourceTree = "<group>";
		};
		985756142981F54D000AD476 /* Core */ = {
			isa = PBXGroup;
			children = (
				985756152981F54D000AD476 /* GameObject.swift */,
				985756162981F54D000AD476 /* GameObjectProtocol.swift */,
				985756202981FE0D000AD476 /* Layer.swift */,
			);
			path = Core;
			sourceTree = "<group>";
		};
		985756192981F55E000AD476 /* GameObjects */ = {
			isa = PBXGroup;
			children = (
				9857561A2981F55E000AD476 /* Ocean.swift */,
				9857561B2981F55E000AD476 /* Player.swift */,
				9857561E2981FCE8000AD476 /* Island.swift */,
				9857562229820176000AD476 /* Cloud.swift */,
			);
			path = GameObjects;
			sourceTree = "<group>";
		};
/* End PBXGroup section */

/* Begin PBXNativeTarget section */
		985755862981F4D9000AD476 /* MAPD724-W2023-ICE-2B */ = {
			isa = PBXNativeTarget;
			buildConfigurationList = 9857559E2981F4DA000AD476 /* Build configuration list for PBXNativeTarget "MAPD724-W2023-ICE-2B" */;
			buildPhases = (
				985755832981F4D9000AD476 /* Sources */,
				985755842981F4D9000AD476 /* Frameworks */,
				985755852981F4D9000AD476 /* Resources */,
			);
			buildRules = (
			);
			dependencies = (
			);
			name = "MAPD724-W2023-ICE-2B";
			productName = "MAPD724-W2023-ICE-2B";
			productReference = 985755872981F4D9000AD476 /* MAPD724-W2023-ICE-2B.app */;
			productType = "com.apple.product-type.application";
		};
/* End PBXNativeTarget section */

/* Begin PBXProject section */
		9857557F2981F4D9000AD476 /* Project object */ = {
			isa = PBXProject;
			attributes = {
				BuildIndependentTargetsInParallel = 1;
				LastSwiftUpdateCheck = 1400;
				LastUpgradeCheck = 1400;
				TargetAttributes = {
					985755862981F4D9000AD476 = {
						CreatedOnToolsVersion = 14.0;
					};
				};
			};
			buildConfigurationList = 985755822981F4D9000AD476 /* Build configuration list for PBXProject "MAPD724-W2023-ICE-2B" */;
			compatibilityVersion = "Xcode 14.0";
			developmentRegion = en;
			hasScannedForEncodings = 0;
			knownRegions = (
				en,
				Base,
			);
			mainGroup = 9857557E2981F4D9000AD476;
			productRefGroup = 985755882981F4D9000AD476 /* Products */;
			projectDirPath = "";
			projectRoot = "";
			targets = (
				985755862981F4D9000AD476 /* MAPD724-W2023-ICE-2B */,
			);
		};
/* End PBXProject section */

/* Begin PBXResourcesBuildPhase section */
		985755852981F4D9000AD476 /* Resources */ = {
			isa = PBXResourcesBuildPhase;
			buildActionMask = 2147483647;
			files = (
				985755F02981F520000AD476 /* coin07.png in Resources */,
				985755FC2981F520000AD476 /* enemy1.png in Resources */,
				985756002981F520000AD476 /* ocean.png in Resources */,
				985755EC2981F520000AD476 /* coin04.png in Resources */,
				985756092981F520000AD476 /* thunder.ogg in Resources */,
				985755EA2981F520000AD476 /* restartButton.png in Resources */,
				985755FD2981F520000AD476 /* explosion2.png in Resources */,
				985755E32981F520000AD476 /* island.png in Resources */,
				985755F62981F520000AD476 /* smallexplosion3.png in Resources */,
				9857560A2981F520000AD476 /* yay.ogg in Resources */,
				985755962981F4D9000AD476 /* Main.storyboard in Resources */,
				985756042981F520000AD476 /* explosion6.png in Resources */,
				985755EE2981F520000AD476 /* smallexplosion5.png in Resources */,
				985755E02981F520000AD476 /* plane1.png in Resources */,
				985755E72981F520000AD476 /* ocean.gif in Resources */,
				985756032981F520000AD476 /* startButton.png in Resources */,
				985755F92981F520000AD476 /* smallexplosion1.png in Resources */,
				985756022981F520000AD476 /* explosion7.png in Resources */,
				985755F72981F520000AD476 /* coin03.png in Resources */,
				9857560B2981F520000AD476 /* engine.ogg in Resources */,
				985755E42981F520000AD476 /* planeflash2.png in Resources */,
				985756082981F520000AD476 /* explosion.mp3 in Resources */,
				985756102981F520000AD476 /* MailPilotDemoProject.tps in Resources */,
				985755E12981F520000AD476 /* backButton.png in Resources */,
				9857560F2981F520000AD476 /* textureAtlas.json in Resources */,
				9857560C2981F520000AD476 /* coin.wav in Resources */,
				985755F52981F520000AD476 /* smallexplosion2.png in Resources */,
				985756062981F520000AD476 /* explosion5.png in Resources */,
				985756052981F520000AD476 /* explosion4.png in Resources */,
				985755E82981F520000AD476 /* coin08.png in Resources */,
				9857560E2981F520000AD476 /* textureAtlas.png in Resources */,
				9857560D2981F520000AD476 /* bullet.mp3 in Resources */,
				985755E92981F520000AD476 /* coin09.png in Resources */,
				985756132981F520000AD476 /* Dock51.ttf in Resources */,
				985755FA2981F520000AD476 /* nextButton.png in Resources */,
				985755F42981F520000AD476 /* coin02.png in Resources */,
				985755F12981F520000AD476 /* smallexplosion6.png in Resources */,
				985755FF2981F520000AD476 /* enemy2.png in Resources */,
				985755EF2981F520000AD476 /* coin05.png in Resources */,
				985755DD2981F520000AD476 /* bullet.png in Resources */,
				985755E52981F520000AD476 /* clickMeButton.png in Resources */,
				985755ED2981F520000AD476 /* smallexplosion4.png in Resources */,
				9857558D2981F4D9000AD476 /* GameScene.sks in Resources */,
				985755982981F4DA000AD476 /* Assets.xcassets in Resources */,
				985755F22981F520000AD476 /* coin06.png in Resources */,
				9857559B2981F4DA000AD476 /* LaunchScreen.storyboard in Resources */,
				985756072981F520000AD476 /* life.wav in Resources */,
				985755E62981F520000AD476 /* planeflash1.png in Resources */,
				985755EB2981F520000AD476 /* coin10.png in Resources */,
				985755F82981F520000AD476 /* coin01.png in Resources */,
				985755F32981F520000AD476 /* cloud.png in Resources */,
				985755DE2981F520000AD476 /* plane3.png in Resources */,
				985755E22981F520000AD476 /* plane.png in Resources */,
				985756122981F520000AD476 /* dock51.woff2 in Resources */,
				985755FE2981F520000AD476 /* enemy3.png in Resources */,
				985756012981F520000AD476 /* explosion3.png in Resources */,
				985755DF2981F520000AD476 /* plane2.png in Resources */,
				985756112981F520000AD476 /* dock51.woff in Resources */,
				985755FB2981F520000AD476 /* explosion1.png in Resources */,
			);
			runOnlyForDeploymentPostprocessing = 0;
		};
/* End PBXResourcesBuildPhase section */

/* Begin PBXSourcesBuildPhase section */
		985755832981F4D9000AD476 /* Sources */ = {
			isa = PBXSourcesBuildPhase;
			buildActionMask = 2147483647;
			files = (
				985756172981F54D000AD476 /* GameObject.swift in Sources */,
				985755912981F4D9000AD476 /* GameScene.swift in Sources */,
				9857561F2981FCE8000AD476 /* Island.swift in Sources */,
				985755932981F4D9000AD476 /* GameViewController.swift in Sources */,
				985756182981F54D000AD476 /* GameObjectProtocol.swift in Sources */,
				9857562329820176000AD476 /* Cloud.swift in Sources */,
				9857561D2981F55E000AD476 /* Player.swift in Sources */,
				985756212981FE0D000AD476 /* Layer.swift in Sources */,
				9857561C2981F55E000AD476 /* Ocean.swift in Sources */,
				9857558B2981F4D9000AD476 /* AppDelegate.swift in Sources */,
			);
			runOnlyForDeploymentPostprocessing = 0;
		};
/* End PBXSourcesBuildPhase section */

/* Begin PBXVariantGroup section */
		985755942981F4D9000AD476 /* Main.storyboard */ = {
			isa = PBXVariantGroup;
			children = (
				985755952981F4D9000AD476 /* Base */,
			);
			name = Main.storyboard;
			sourceTree = "<group>";
		};
		985755992981F4DA000AD476 /* LaunchScreen.storyboard */ = {
			isa = PBXVariantGroup;
			children = (
				9857559A2981F4DA000AD476 /* Base */,
			);
			name = LaunchScreen.storyboard;
			sourceTree = "<group>";
		};
/* End PBXVariantGroup section */

/* Begin XCBuildConfiguration section */
		9857559C2981F4DA000AD476 /* Debug */ = {
			isa = XCBuildConfiguration;
			buildSettings = {
				ALWAYS_SEARCH_USER_PATHS = NO;
				CLANG_ANALYZER_NONNULL = YES;
				CLANG_ANALYZER_NUMBER_OBJECT_CONVERSION = YES_AGGRESSIVE;
				CLANG_CXX_LANGUAGE_STANDARD = "gnu++20";
				CLANG_ENABLE_MODULES = YES;
				CLANG_ENABLE_OBJC_ARC = YES;
				CLANG_ENABLE_OBJC_WEAK = YES;
				CLANG_WARN_BLOCK_CAPTURE_AUTORELEASING = YES;
				CLANG_WARN_BOOL_CONVERSION = YES;
				CLANG_WARN_COMMA = YES;
				CLANG_WARN_CONSTANT_CONVERSION = YES;
				CLANG_WARN_DEPRECATED_OBJC_IMPLEMENTATIONS = YES;
				CLANG_WARN_DIRECT_OBJC_ISA_USAGE = YES_ERROR;
				CLANG_WARN_DOCUMENTATION_COMMENTS = YES;
				CLANG_WARN_EMPTY_BODY = YES;
				CLANG_WARN_ENUM_CONVERSION = YES;
				CLANG_WARN_INFINITE_RECURSION = YES;
				CLANG_WARN_INT_CONVERSION = YES;
				CLANG_WARN_NON_LITERAL_NULL_CONVERSION = YES;
				CLANG_WARN_OBJC_IMPLICIT_RETAIN_SELF = YES;
				CLANG_WARN_OBJC_LITERAL_CONVERSION = YES;
				CLANG_WARN_OBJC_ROOT_CLASS = YES_ERROR;
				CLANG_WARN_QUOTED_INCLUDE_IN_FRAMEWORK_HEADER = YES;
				CLANG_WARN_RANGE_LOOP_ANALYSIS = YES;
				CLANG_WARN_STRICT_PROTOTYPES = YES;
				CLANG_WARN_SUSPICIOUS_MOVE = YES;
				CLANG_WARN_UNGUARDED_AVAILABILITY = YES_AGGRESSIVE;
				CLANG_WARN_UNREACHABLE_CODE = YES;
				CLANG_WARN__DUPLICATE_METHOD_MATCH = YES;
				COPY_PHASE_STRIP = NO;
				DEBUG_INFORMATION_FORMAT = dwarf;
				ENABLE_STRICT_OBJC_MSGSEND = YES;
				ENABLE_TESTABILITY = YES;
				GCC_C_LANGUAGE_STANDARD = gnu11;
				GCC_DYNAMIC_NO_PIC = NO;
				GCC_NO_COMMON_BLOCKS = YES;
				GCC_OPTIMIZATION_LEVEL = 0;
				GCC_PREPROCESSOR_DEFINITIONS = (
					"DEBUG=1",
					"$(inherited)",
				);
				GCC_WARN_64_TO_32_BIT_CONVERSION = YES;
				GCC_WARN_ABOUT_RETURN_TYPE = YES_ERROR;
				GCC_WARN_UNDECLARED_SELECTOR = YES;
				GCC_WARN_UNINITIALIZED_AUTOS = YES_AGGRESSIVE;
				GCC_WARN_UNUSED_FUNCTION = YES;
				GCC_WARN_UNUSED_VARIABLE = YES;
				IPHONEOS_DEPLOYMENT_TARGET = 16.0;
				MTL_ENABLE_DEBUG_INFO = INCLUDE_SOURCE;
				MTL_FAST_MATH = YES;
				ONLY_ACTIVE_ARCH = YES;
				SDKROOT = iphoneos;
				SWIFT_ACTIVE_COMPILATION_CONDITIONS = DEBUG;
				SWIFT_OPTIMIZATION_LEVEL = "-Onone";
			};
			name = Debug;
		};
		9857559D2981F4DA000AD476 /* Release */ = {
			isa = XCBuildConfiguration;
			buildSettings = {
				ALWAYS_SEARCH_USER_PATHS = NO;
				CLANG_ANALYZER_NONNULL = YES;
				CLANG_ANALYZER_NUMBER_OBJECT_CONVERSION = YES_AGGRESSIVE;
				CLANG_CXX_LANGUAGE_STANDARD = "gnu++20";
				CLANG_ENABLE_MODULES = YES;
				CLANG_ENABLE_OBJC_ARC = YES;
				CLANG_ENABLE_OBJC_WEAK = YES;
				CLANG_WARN_BLOCK_CAPTURE_AUTORELEASING = YES;
				CLANG_WARN_BOOL_CONVERSION = YES;
				CLANG_WARN_COMMA = YES;
				CLANG_WARN_CONSTANT_CONVERSION = YES;
				CLANG_WARN_DEPRECATED_OBJC_IMPLEMENTATIONS = YES;
				CLANG_WARN_DIRECT_OBJC_ISA_USAGE = YES_ERROR;
				CLANG_WARN_DOCUMENTATION_COMMENTS = YES;
				CLANG_WARN_EMPTY_BODY = YES;
				CLANG_WARN_ENUM_CONVERSION = YES;
				CLANG_WARN_INFINITE_RECURSION = YES;
				CLANG_WARN_INT_CONVERSION = YES;
				CLANG_WARN_NON_LITERAL_NULL_CONVERSION = YES;
				CLANG_WARN_OBJC_IMPLICIT_RETAIN_SELF = YES;
				CLANG_WARN_OBJC_LITERAL_CONVERSION = YES;
				CLANG_WARN_OBJC_ROOT_CLASS = YES_ERROR;
				CLANG_WARN_QUOTED_INCLUDE_IN_FRAMEWORK_HEADER = YES;
				CLANG_WARN_RANGE_LOOP_ANALYSIS = YES;
				CLANG_WARN_STRICT_PROTOTYPES = YES;
				CLANG_WARN_SUSPICIOUS_MOVE = YES;
				CLANG_WARN_UNGUARDED_AVAILABILITY = YES_AGGRESSIVE;
				CLANG_WARN_UNREACHABLE_CODE = YES;
				CLANG_WARN__DUPLICATE_METHOD_MATCH = YES;
				COPY_PHASE_STRIP = NO;
				DEBUG_INFORMATION_FORMAT = "dwarf-with-dsym";
				ENABLE_NS_ASSERTIONS = NO;
				ENABLE_STRICT_OBJC_MSGSEND = YES;
				GCC_C_LANGUAGE_STANDARD = gnu11;
				GCC_NO_COMMON_BLOCKS = YES;
				GCC_WARN_64_TO_32_BIT_CONVERSION = YES;
				GCC_WARN_ABOUT_RETURN_TYPE = YES_ERROR;
				GCC_WARN_UNDECLARED_SELECTOR = YES;
				GCC_WARN_UNINITIALIZED_AUTOS = YES_AGGRESSIVE;
				GCC_WARN_UNUSED_FUNCTION = YES;
				GCC_WARN_UNUSED_VARIABLE = YES;
				IPHONEOS_DEPLOYMENT_TARGET = 16.0;
				MTL_ENABLE_DEBUG_INFO = NO;
				MTL_FAST_MATH = YES;
				SDKROOT = iphoneos;
				SWIFT_COMPILATION_MODE = wholemodule;
				SWIFT_OPTIMIZATION_LEVEL = "-O";
				VALIDATE_PRODUCT = YES;
			};
			name = Release;
		};
		9857559F2981F4DA000AD476 /* Debug */ = {
			isa = XCBuildConfiguration;
			buildSettings = {
				ASSETCATALOG_COMPILER_APPICON_NAME = AppIcon;
				ASSETCATALOG_COMPILER_GLOBAL_ACCENT_COLOR_NAME = AccentColor;
				CODE_SIGN_STYLE = Automatic;
				CURRENT_PROJECT_VERSION = 1;
				GENERATE_INFOPLIST_FILE = YES;
				INFOPLIST_KEY_UIApplicationSupportsIndirectInputEvents = YES;
				INFOPLIST_KEY_UILaunchStoryboardName = LaunchScreen;
				INFOPLIST_KEY_UIMainStoryboardFile = Main;
				INFOPLIST_KEY_UIStatusBarHidden = YES;
				INFOPLIST_KEY_UISupportedInterfaceOrientations_iPad = "UIInterfaceOrientationPortrait UIInterfaceOrientationPortraitUpsideDown UIInterfaceOrientationLandscapeLeft UIInterfaceOrientationLandscapeRight";
				INFOPLIST_KEY_UISupportedInterfaceOrientations_iPhone = "UIInterfaceOrientationPortrait UIInterfaceOrientationLandscapeLeft UIInterfaceOrientationLandscapeRight";
				LD_RUNPATH_SEARCH_PATHS = (
					"$(inherited)",
					"@executable_path/Frameworks",
				);
				MARKETING_VERSION = 1.0;
				PRODUCT_BUNDLE_IDENTIFIER = "com.game123.MAPD724-W2023-ICE-2B";
				PRODUCT_NAME = "$(TARGET_NAME)";
				SWIFT_EMIT_LOC_STRINGS = YES;
				SWIFT_VERSION = 5.0;
				TARGETED_DEVICE_FAMILY = "1,2";
			};
			name = Debug;
		};
		985755A02981F4DA000AD476 /* Release */ = {
			isa = XCBuildConfiguration;
			buildSettings = {
				ASSETCATALOG_COMPILER_APPICON_NAME = AppIcon;
				ASSETCATALOG_COMPILER_GLOBAL_ACCENT_COLOR_NAME = AccentColor;
				CODE_SIGN_STYLE = Automatic;
				CURRENT_PROJECT_VERSION = 1;
				GENERATE_INFOPLIST_FILE = YES;
				INFOPLIST_KEY_UIApplicationSupportsIndirectInputEvents = YES;
				INFOPLIST_KEY_UILaunchStoryboardName = LaunchScreen;
				INFOPLIST_KEY_UIMainStoryboardFile = Main;
				INFOPLIST_KEY_UIStatusBarHidden = YES;
				INFOPLIST_KEY_UISupportedInterfaceOrientations_iPad = "UIInterfaceOrientationPortrait UIInterfaceOrientationPortraitUpsideDown UIInterfaceOrientationLandscapeLeft UIInterfaceOrientationLandscapeRight";
				INFOPLIST_KEY_UISupportedInterfaceOrientations_iPhone = "UIInterfaceOrientationPortrait UIInterfaceOrientationLandscapeLeft UIInterfaceOrientationLandscapeRight";
				LD_RUNPATH_SEARCH_PATHS = (
					"$(inherited)",
					"@executable_path/Frameworks",
				);
				MARKETING_VERSION = 1.0;
				PRODUCT_BUNDLE_IDENTIFIER = "com.game123.MAPD724-W2023-ICE-2B";
				PRODUCT_NAME = "$(TARGET_NAME)";
				SWIFT_EMIT_LOC_STRINGS = YES;
				SWIFT_VERSION = 5.0;
				TARGETED_DEVICE_FAMILY = "1,2";
			};
			name = Release;
		};
/* End XCBuildConfiguration section */

/* Begin XCConfigurationList section */
		985755822981F4D9000AD476 /* Build configuration list for PBXProject "MAPD724-W2023-ICE-2B" */ = {
			isa = XCConfigurationList;
			buildConfigurations = (
				9857559C2981F4DA000AD476 /* Debug */,
				9857559D2981F4DA000AD476 /* Release */,
			);
			defaultConfigurationIsVisible = 0;
			defaultConfigurationName = Release;
		};
		9857559E2981F4DA000AD476 /* Build configuration list for PBXNativeTarget "MAPD724-W2023-ICE-2B" */ = {
			isa = XCConfigurationList;
			buildConfigurations = (
				9857559F2981F4DA000AD476 /* Debug */,
				985755A02981F4DA000AD476 /* Release */,
			);
			defaultConfigurationIsVisible = 0;
			defaultConfigurationName = Release;
		};
/* End XCConfigurationList section */
	};
	rootObject = 9857557F2981F4D9000AD476 /* Project object */;
}
